
Microsoft Visual Studio Solution File, Format Version 12.00
# Visual Studio 15
VisualStudioVersion = 15.0.28307.168
MinimumVisualStudioVersion = 10.0.40219.1
Project("{FAE04EC0-301F-11D3-BF4B-00C04F79EFBC}") = "Framework", "Framework\Framework.csproj", "{149780E1-34D2-4786-B999-094422F2DA8B}"
EndProject
Project("{FAE04EC0-301F-11D3-BF4B-00C04F79EFBC}") = "TestCases", "TestCases\TestCases.csproj", "{A5D51D0E-4588-4299-8169-E7110FD51686}"
EndProject
Global
	GlobalSection(SolutionConfigurationPlatforms) = preSolution
		Debug|Any CPU = Debug|Any CPU
		Release|Any CPU = Release|Any CPU
	EndGlobalSection
	GlobalSection(ProjectConfigurationPlatforms) = postSolution
		{149780E1-34D2-4786-B999-094422F2DA8B}.Debug|Any CPU.ActiveCfg = Debug|Any CPU
		{149780E1-34D2-4786-B999-094422F2DA8B}.Debug|Any CPU.Build.0 = Debug|Any CPU
		{149780E1-34D2-4786-B999-094422F2DA8B}.Release|Any CPU.ActiveCfg = Release|Any CPU
		{149780E1-34D2-4786-B999-094422F2DA8B}.Release|Any CPU.Build.0 = Release|Any CPU
		{A5D51D0E-4588-4299-8169-E7110FD51686}.Debug|Any CPU.ActiveCfg = Debug|Any CPU
		{A5D51D0E-4588-4299-8169-E7110FD51686}.Debug|Any CPU.Build.0 = Debug|Any CPU
		{A5D51D0E-4588-4299-8169-E7110FD51686}.Release|Any CPU.ActiveCfg = Release|Any CPU
		{A5D51D0E-4588-4299-8169-E7110FD51686}.Release|Any CPU.Build.0 = Release|Any CPU
	EndGlobalSection
	GlobalSection(SolutionProperties) = preSolution
		HideSolutionNode = FALSE
	EndGlobalSection
	GlobalSection(ExtensibilityGlobals) = postSolution
		SolutionGuid = {5BE434CD-FDD6-4982-AC8B-EBD50320EF29}
	EndGlobalSection
EndGlobal
